{
  "lib/universal-router": {
    "rev": "3663f6db6e2fe121753cd2d899699c2dc75dca86"
  },
  "lib/forge-std": {
    "rev": "ee93fdc45d1e5e4dee883afe0103109881a83549"
  },
  "lib/hookmate": {
    "rev": "776a715181b510d3fceebae54eb153026d7aeadd"
  },
  "lib/solady": {
    "rev": "271807270b1e14e541a231ff76a869accca7546d"
  },
  "lib/uniswap-hooks": {
    "rev": "70f4973c837505965b70886c6108366941554afb"
  }
}